
Microsoft Visual Studio Solution File, Format Version 12.00
Project("{FAE04EC0-301F-11D3-BF4B-00C04F79EFBC}") = "Darwin", "src\Darwin\Darwin.csproj", "{9C04FE4E-79E3-47FA-8582-77BF509EE300}"
EndProject
Project("{FAE04EC0-301F-11D3-BF4B-00C04F79EFBC}") = "TestApp", "src\TestApp\TestApp.csproj", "{57A1E9F4-CA9A-41E7-9FC7-46554556B2FD}"
EndProject
Project("{FAE04EC0-301F-11D3-BF4B-00C04F79EFBC}") = "MacOSApp1", "src\MacOSApp1\MacOSApp1.csproj", "{DCE756D5-2BDA-495D-AB4A-99C54ACCC95A}"
EndProject
Global
	GlobalSection(SolutionConfigurationPlatforms) = preSolution
		Debug|Any CPU = Debug|Any CPU
		Release|Any CPU = Release|Any CPU
	EndGlobalSection
	GlobalSection(ProjectConfigurationPlatforms) = postSolution
		{9C04FE4E-79E3-47FA-8582-77BF509EE300}.Debug|Any CPU.ActiveCfg = Debug|Any CPU
		{9C04FE4E-79E3-47FA-8582-77BF509EE300}.Debug|Any CPU.Build.0 = Debug|Any CPU
		{9C04FE4E-79E3-47FA-8582-77BF509EE300}.Release|Any CPU.ActiveCfg = Release|Any CPU
		{9C04FE4E-79E3-47FA-8582-77BF509EE300}.Release|Any CPU.Build.0 = Release|Any CPU
		{57A1E9F4-CA9A-41E7-9FC7-46554556B2FD}.Debug|Any CPU.ActiveCfg = Debug|Any CPU
		{57A1E9F4-CA9A-41E7-9FC7-46554556B2FD}.Debug|Any CPU.Build.0 = Debug|Any CPU
		{57A1E9F4-CA9A-41E7-9FC7-46554556B2FD}.Release|Any CPU.ActiveCfg = Release|Any CPU
		{57A1E9F4-CA9A-41E7-9FC7-46554556B2FD}.Release|Any CPU.Build.0 = Release|Any CPU
		{DCE756D5-2BDA-495D-AB4A-99C54ACCC95A}.Debug|Any CPU.ActiveCfg = Debug|x86
		{DCE756D5-2BDA-495D-AB4A-99C54ACCC95A}.Debug|Any CPU.Build.0 = Debug|x86
		{DCE756D5-2BDA-495D-AB4A-99C54ACCC95A}.Release|Any CPU.ActiveCfg = Release|x86
		{DCE756D5-2BDA-495D-AB4A-99C54ACCC95A}.Release|Any CPU.Build.0 = Release|x86
	EndGlobalSection
EndGlobal
